
Microsoft Visual Studio Solution File, Format Version 12.00
# Visual Studio Version 17
VisualStudioVersion = 17.5.002.0
MinimumVisualStudioVersion = 10.0.40219.1
Project("{9A19103F-16F7-4668-BE54-9A1E7A4F7556}") = "halloWorld", "halloWorld\halloWorld.csproj", "{791F1E55-B187-402D-A74B-FA34E872E7F1}"
EndProject
Project("{9A19103F-16F7-4668-BE54-9A1E7A4F7556}") = "PracticalTask1", "PracticalTask1\PracticalTask1.csproj", "{E633F4C4-4480-4D16-9528-92D6DA33F1F8}"
EndProject
Project("{9A19103F-16F7-4668-BE54-9A1E7A4F7556}") = "PracticalTask2", "PracticalTask2\PracticalTask2.csproj", "{2ABCB547-6AF7-44E5-89FD-351D443A9082}"
EndProject
Global
	GlobalSection(SolutionConfigurationPlatforms) = preSolution
		Debug|Any CPU = Debug|Any CPU
		Release|Any CPU = Release|Any CPU
	EndGlobalSection
	GlobalSection(ProjectConfigurationPlatforms) = postSolution
		{791F1E55-B187-402D-A74B-FA34E872E7F1}.Debug|Any CPU.ActiveCfg = Debug|Any CPU
		{791F1E55-B187-402D-A74B-FA34E872E7F1}.Debug|Any CPU.Build.0 = Debug|Any CPU
		{791F1E55-B187-402D-A74B-FA34E872E7F1}.Release|Any CPU.ActiveCfg = Release|Any CPU
		{791F1E55-B187-402D-A74B-FA34E872E7F1}.Release|Any CPU.Build.0 = Release|Any CPU
		{E633F4C4-4480-4D16-9528-92D6DA33F1F8}.Debug|Any CPU.ActiveCfg = Debug|Any CPU
		{E633F4C4-4480-4D16-9528-92D6DA33F1F8}.Debug|Any CPU.Build.0 = Debug|Any CPU
		{E633F4C4-4480-4D16-9528-92D6DA33F1F8}.Release|Any CPU.ActiveCfg = Release|Any CPU
		{E633F4C4-4480-4D16-9528-92D6DA33F1F8}.Release|Any CPU.Build.0 = Release|Any CPU
		{2ABCB547-6AF7-44E5-89FD-351D443A9082}.Debug|Any CPU.ActiveCfg = Debug|Any CPU
		{2ABCB547-6AF7-44E5-89FD-351D443A9082}.Debug|Any CPU.Build.0 = Debug|Any CPU
		{2ABCB547-6AF7-44E5-89FD-351D443A9082}.Release|Any CPU.ActiveCfg = Release|Any CPU
		{2ABCB547-6AF7-44E5-89FD-351D443A9082}.Release|Any CPU.Build.0 = Release|Any CPU
	EndGlobalSection
	GlobalSection(SolutionProperties) = preSolution
		HideSolutionNode = FALSE
	EndGlobalSection
	GlobalSection(ExtensibilityGlobals) = postSolution
		SolutionGuid = {8D0D9329-513B-4807-A955-8C8E92262FAA}
	EndGlobalSection
EndGlobal
