
Microsoft Visual Studio Solution File, Format Version 12.00
# Visual Studio Version 17
VisualStudioVersion = 17.13.35825.156 d17.13
MinimumVisualStudioVersion = 10.0.40219.1
Project("{FAE04EC0-301F-11D3-BF4B-00C04F79EFBC}") = "WinFormsApp1", "WinFormsApp1\WinFormsApp1.csproj", "{AE376AC1-1026-4593-A209-C8BB0F2C5B9B}"
EndProject
Global
	GlobalSection(SolutionConfigurationPlatforms) = preSolution
		Debug|Any CPU = Debug|Any CPU
		Release|Any CPU = Release|Any CPU
	EndGlobalSection
	GlobalSection(ProjectConfigurationPlatforms) = postSolution
		{AE376AC1-1026-4593-A209-C8BB0F2C5B9B}.Debug|Any CPU.ActiveCfg = Debug|Any CPU
		{AE376AC1-1026-4593-A209-C8BB0F2C5B9B}.Debug|Any CPU.Build.0 = Debug|Any CPU
		{AE376AC1-1026-4593-A209-C8BB0F2C5B9B}.Release|Any CPU.ActiveCfg = Release|Any CPU
		{AE376AC1-1026-4593-A209-C8BB0F2C5B9B}.Release|Any CPU.Build.0 = Release|Any CPU
	EndGlobalSection
	GlobalSection(SolutionProperties) = preSolution
		HideSolutionNode = FALSE
	EndGlobalSection
	GlobalSection(ExtensibilityGlobals) = postSolution
		SolutionGuid = {3323C403-000E-4339-9968-E44A28DD5C3B}
	EndGlobalSection
EndGlobal
