
Microsoft Visual Studio Solution File, Format Version 12.00
# Visual Studio Version 17
VisualStudioVersion = 17.13.35825.156 d17.13
MinimumVisualStudioVersion = 10.0.40219.1
Project("{FAE04EC0-301F-11D3-BF4B-00C04F79EFBC}") = "PracticalTask16", "PracticalTask16\PracticalTask16.csproj", "{3185512A-F46E-4970-BE49-9275106EABA3}"
EndProject
Global
	GlobalSection(SolutionConfigurationPlatforms) = preSolution
		Debug|Any CPU = Debug|Any CPU
		Release|Any CPU = Release|Any CPU
	EndGlobalSection
	GlobalSection(ProjectConfigurationPlatforms) = postSolution
		{3185512A-F46E-4970-BE49-9275106EABA3}.Debug|Any CPU.ActiveCfg = Debug|Any CPU
		{3185512A-F46E-4970-BE49-9275106EABA3}.Debug|Any CPU.Build.0 = Debug|Any CPU
		{3185512A-F46E-4970-BE49-9275106EABA3}.Release|Any CPU.ActiveCfg = Release|Any CPU
		{3185512A-F46E-4970-BE49-9275106EABA3}.Release|Any CPU.Build.0 = Release|Any CPU
	EndGlobalSection
	GlobalSection(SolutionProperties) = preSolution
		HideSolutionNode = FALSE
	EndGlobalSection
	GlobalSection(ExtensibilityGlobals) = postSolution
		SolutionGuid = {D810076B-F283-4560-A0A9-B28D291BBB52}
	EndGlobalSection
EndGlobal
